
Microsoft Visual Studio Solution File, Format Version 12.00
# Visual Studio Version 17
VisualStudioVersion = 17.13.35825.156
MinimumVisualStudioVersion = 10.0.40219.1
Project("{FAE04EC0-301F-11D3-BF4B-00C04F79EFBC}") = "Knorr-news", "Knorr-news\Knorr-news.csproj", "{A1D96B73-E924-4B83-8B94-4E58A65F7EC4}"
EndProject
Project("{FAE04EC0-301F-11D3-BF4B-00C04F79EFBC}") = "AzFunctions", "AzFunctions\AzFunctions.csproj", "{4AFD190A-F448-4914-B23A-3620E8995F42}"
EndProject
Global
	GlobalSection(SolutionConfigurationPlatforms) = preSolution
		Debug|Any CPU = Debug|Any CPU
		Release|Any CPU = Release|Any CPU
	EndGlobalSection
	GlobalSection(ProjectConfigurationPlatforms) = postSolution
		{A1D96B73-E924-4B83-8B94-4E58A65F7EC4}.Debug|Any CPU.ActiveCfg = Debug|Any CPU
		{A1D96B73-E924-4B83-8B94-4E58A65F7EC4}.Debug|Any CPU.Build.0 = Debug|Any CPU
		{A1D96B73-E924-4B83-8B94-4E58A65F7EC4}.Release|Any CPU.ActiveCfg = Release|Any CPU
		{A1D96B73-E924-4B83-8B94-4E58A65F7EC4}.Release|Any CPU.Build.0 = Release|Any CPU
		{4AFD190A-F448-4914-B23A-3620E8995F42}.Debug|Any CPU.ActiveCfg = Debug|Any CPU
		{4AFD190A-F448-4914-B23A-3620E8995F42}.Debug|Any CPU.Build.0 = Debug|Any CPU
		{4AFD190A-F448-4914-B23A-3620E8995F42}.Release|Any CPU.ActiveCfg = Release|Any CPU
		{4AFD190A-F448-4914-B23A-3620E8995F42}.Release|Any CPU.Build.0 = Release|Any CPU
	EndGlobalSection
	GlobalSection(SolutionProperties) = preSolution
		HideSolutionNode = FALSE
	EndGlobalSection
	GlobalSection(ExtensibilityGlobals) = postSolution
		SolutionGuid = {80488687-1836-4D76-BBD7-530ED40AA6A4}
	EndGlobalSection
EndGlobal
